
Microsoft Visual Studio Solution File, Format Version 12.00
# Visual Studio 15
VisualStudioVersion = 15.0.28307.136
MinimumVisualStudioVersion = 10.0.40219.1
Project("{FAE04EC0-301F-11D3-BF4B-00C04F79EFBC}") = "Webritter.SharePointListSync", "Webritter.SharePointListSync.csproj", "{ED5FB39C-A8A7-4C61-949F-28E52198EDE2}"
EndProject
Global
	GlobalSection(SolutionConfigurationPlatforms) = preSolution
		Debug|Any CPU = Debug|Any CPU
		Release|Any CPU = Release|Any CPU
	EndGlobalSection
	GlobalSection(ProjectConfigurationPlatforms) = postSolution
		{ED5FB39C-A8A7-4C61-949F-28E52198EDE2}.Debug|Any CPU.ActiveCfg = Debug|Any CPU
		{ED5FB39C-A8A7-4C61-949F-28E52198EDE2}.Debug|Any CPU.Build.0 = Debug|Any CPU
		{ED5FB39C-A8A7-4C61-949F-28E52198EDE2}.Release|Any CPU.ActiveCfg = Release|Any CPU
		{ED5FB39C-A8A7-4C61-949F-28E52198EDE2}.Release|Any CPU.Build.0 = Release|Any CPU
	EndGlobalSection
	GlobalSection(SolutionProperties) = preSolution
		HideSolutionNode = FALSE
	EndGlobalSection
	GlobalSection(ExtensibilityGlobals) = postSolution
		SolutionGuid = {2208E21D-720A-4513-B6B2-CF2AC5F48878}
	EndGlobalSection
EndGlobal
